
Microsoft Visual Studio Solution File, Format Version 12.00
# Visual Studio 14
VisualStudioVersion = 14.0.23107.0
MinimumVisualStudioVersion = 10.0.40219.1
Project("{FAE04EC0-301F-11D3-BF4B-00C04F79EFBC}") = "SimpleWars", "SimpleWars\SimpleWars.csproj", "{B375F311-9813-4652-B782-80EA9FDA6966}"
EndProject
Project("{FAE04EC0-301F-11D3-BF4B-00C04F79EFBC}") = "SkinnedModel", "SkinnedModel\SkinnedModel.csproj", "{761B99E5-5318-4F62-8E43-B0A593AC5B8D}"
EndProject
Project("{FAE04EC0-301F-11D3-BF4B-00C04F79EFBC}") = "SkinnedModelPipeline", "SkinnedModelPipeline\SkinnedModelPipeline.csproj", "{9DB877B0-32D7-49E0-B663-92998EE2A815}"
EndProject
Project("{FAE04EC0-301F-11D3-BF4B-00C04F79EFBC}") = "SimpleWars.Assets", "SimpleWars.Assets\SimpleWars.Assets.csproj", "{CA3DAFCF-5FD5-4762-9DD0-0D05760F2148}"
EndProject
Project("{FAE04EC0-301F-11D3-BF4B-00C04F79EFBC}") = "SimpleWars.Models", "SimpleWars.Models\SimpleWars.Models.csproj", "{9744DC53-F59F-4998-8438-F44D5688E368}"
EndProject
Global
	GlobalSection(SolutionConfigurationPlatforms) = preSolution
		Debug|Any CPU = Debug|Any CPU
		Debug|x86 = Debug|x86
		Release|Any CPU = Release|Any CPU
		Release|x86 = Release|x86
	EndGlobalSection
	GlobalSection(ProjectConfigurationPlatforms) = postSolution
		{B375F311-9813-4652-B782-80EA9FDA6966}.Debug|Any CPU.ActiveCfg = Debug|x86
		{B375F311-9813-4652-B782-80EA9FDA6966}.Debug|x86.ActiveCfg = Debug|x86
		{B375F311-9813-4652-B782-80EA9FDA6966}.Debug|x86.Build.0 = Debug|x86
		{B375F311-9813-4652-B782-80EA9FDA6966}.Release|Any CPU.ActiveCfg = Release|x86
		{B375F311-9813-4652-B782-80EA9FDA6966}.Release|x86.ActiveCfg = Release|x86
		{B375F311-9813-4652-B782-80EA9FDA6966}.Release|x86.Build.0 = Release|x86
		{761B99E5-5318-4F62-8E43-B0A593AC5B8D}.Debug|Any CPU.ActiveCfg = Debug|Any CPU
		{761B99E5-5318-4F62-8E43-B0A593AC5B8D}.Debug|Any CPU.Build.0 = Debug|Any CPU
		{761B99E5-5318-4F62-8E43-B0A593AC5B8D}.Debug|x86.ActiveCfg = Debug|Any CPU
		{761B99E5-5318-4F62-8E43-B0A593AC5B8D}.Debug|x86.Build.0 = Debug|Any CPU
		{761B99E5-5318-4F62-8E43-B0A593AC5B8D}.Release|Any CPU.ActiveCfg = Release|Any CPU
		{761B99E5-5318-4F62-8E43-B0A593AC5B8D}.Release|Any CPU.Build.0 = Release|Any CPU
		{761B99E5-5318-4F62-8E43-B0A593AC5B8D}.Release|x86.ActiveCfg = Release|Any CPU
		{761B99E5-5318-4F62-8E43-B0A593AC5B8D}.Release|x86.Build.0 = Release|Any CPU
		{9DB877B0-32D7-49E0-B663-92998EE2A815}.Debug|Any CPU.ActiveCfg = Debug|Any CPU
		{9DB877B0-32D7-49E0-B663-92998EE2A815}.Debug|Any CPU.Build.0 = Debug|Any CPU
		{9DB877B0-32D7-49E0-B663-92998EE2A815}.Debug|x86.ActiveCfg = Debug|Any CPU
		{9DB877B0-32D7-49E0-B663-92998EE2A815}.Debug|x86.Build.0 = Debug|Any CPU
		{9DB877B0-32D7-49E0-B663-92998EE2A815}.Release|Any CPU.ActiveCfg = Release|Any CPU
		{9DB877B0-32D7-49E0-B663-92998EE2A815}.Release|Any CPU.Build.0 = Release|Any CPU
		{9DB877B0-32D7-49E0-B663-92998EE2A815}.Release|x86.ActiveCfg = Release|Any CPU
		{9DB877B0-32D7-49E0-B663-92998EE2A815}.Release|x86.Build.0 = Release|Any CPU
		{CA3DAFCF-5FD5-4762-9DD0-0D05760F2148}.Debug|Any CPU.ActiveCfg = Debug|Any CPU
		{CA3DAFCF-5FD5-4762-9DD0-0D05760F2148}.Debug|Any CPU.Build.0 = Debug|Any CPU
		{CA3DAFCF-5FD5-4762-9DD0-0D05760F2148}.Debug|x86.ActiveCfg = Debug|Any CPU
		{CA3DAFCF-5FD5-4762-9DD0-0D05760F2148}.Debug|x86.Build.0 = Debug|Any CPU
		{CA3DAFCF-5FD5-4762-9DD0-0D05760F2148}.Release|Any CPU.ActiveCfg = Release|Any CPU
		{CA3DAFCF-5FD5-4762-9DD0-0D05760F2148}.Release|Any CPU.Build.0 = Release|Any CPU
		{CA3DAFCF-5FD5-4762-9DD0-0D05760F2148}.Release|x86.ActiveCfg = Release|Any CPU
		{CA3DAFCF-5FD5-4762-9DD0-0D05760F2148}.Release|x86.Build.0 = Release|Any CPU
		{9744DC53-F59F-4998-8438-F44D5688E368}.Debug|Any CPU.ActiveCfg = Debug|Any CPU
		{9744DC53-F59F-4998-8438-F44D5688E368}.Debug|Any CPU.Build.0 = Debug|Any CPU
		{9744DC53-F59F-4998-8438-F44D5688E368}.Debug|x86.ActiveCfg = Debug|Any CPU
		{9744DC53-F59F-4998-8438-F44D5688E368}.Debug|x86.Build.0 = Debug|Any CPU
		{9744DC53-F59F-4998-8438-F44D5688E368}.Release|Any CPU.ActiveCfg = Release|Any CPU
		{9744DC53-F59F-4998-8438-F44D5688E368}.Release|Any CPU.Build.0 = Release|Any CPU
		{9744DC53-F59F-4998-8438-F44D5688E368}.Release|x86.ActiveCfg = Release|Any CPU
		{9744DC53-F59F-4998-8438-F44D5688E368}.Release|x86.Build.0 = Release|Any CPU
	EndGlobalSection
	GlobalSection(SolutionProperties) = preSolution
		HideSolutionNode = FALSE
	EndGlobalSection
EndGlobal
